
Microsoft Visual Studio Solution File, Format Version 12.00
# Visual Studio Version 16
VisualStudioVersion = 16.0.30011.22
MinimumVisualStudioVersion = 10.0.40219.1
Project("{FAE04EC0-301F-11D3-BF4B-00C04F79EFBC}") = "CursedStuffCandyH", "CursedStuffCandyH.csproj", "{C7F5CB11-0DCA-4910-A8C2-54EB41EB2FBE}"
EndProject
Global
	GlobalSection(SolutionConfigurationPlatforms) = preSolution
		Debug|Any CPU = Debug|Any CPU
		Release|Any CPU = Release|Any CPU
	EndGlobalSection
	GlobalSection(ProjectConfigurationPlatforms) = postSolution
		{C7F5CB11-0DCA-4910-A8C2-54EB41EB2FBE}.Debug|Any CPU.ActiveCfg = Debug|Any CPU
		{C7F5CB11-0DCA-4910-A8C2-54EB41EB2FBE}.Debug|Any CPU.Build.0 = Debug|Any CPU
		{C7F5CB11-0DCA-4910-A8C2-54EB41EB2FBE}.Release|Any CPU.ActiveCfg = Release|Any CPU
		{C7F5CB11-0DCA-4910-A8C2-54EB41EB2FBE}.Release|Any CPU.Build.0 = Release|Any CPU
	EndGlobalSection
	GlobalSection(SolutionProperties) = preSolution
		HideSolutionNode = FALSE
	EndGlobalSection
	GlobalSection(ExtensibilityGlobals) = postSolution
		SolutionGuid = {A36414A4-A863-4298-BBA1-6C87843D0E06}
	EndGlobalSection
EndGlobal
